
Microsoft Visual Studio Solution File, Format Version 12.00
# Visual Studio Version 17
VisualStudioVersion = 17.11.35327.3
MinimumVisualStudioVersion = 10.0.40219.1
Project("{9A19103F-16F7-4668-BE54-9A1E7A4F7556}") = "SecretSantaEmailSender.Application", "SecretSantaEmailSender.Application\SecretSantaEmailSender.Application.csproj", "{4BC8983A-1A58-4ED5-9F97-5FA953C3078F}"
EndProject
Project("{9A19103F-16F7-4668-BE54-9A1E7A4F7556}") = "SecretSantaEmailSender.Core", "SecretSantaEmailSender.Core\SecretSantaEmailSender.Core.csproj", "{F925DC5D-92E2-41B5-9E78-25AABAAEB693}"
EndProject
Project("{9A19103F-16F7-4668-BE54-9A1E7A4F7556}") = "SecretSantaEmailSender.Infraestructure", "SecretSantaEmailSender.Infraestructure\SecretSantaEmailSender.Infraestructure.csproj", "{D96DE874-FA4D-459D-8524-F29643485961}"
EndProject
Project("{FAE04EC0-301F-11D3-BF4B-00C04F79EFBC}") = "SecretSantaEmailSender.Frontend", "SecretSantaEmailSender.Frontend\SecretSantaEmailSender.Frontend.csproj", "{935F82F1-3A64-457E-9F91-826FBB1D5340}"
EndProject
Global
	GlobalSection(SolutionConfigurationPlatforms) = preSolution
		Debug|Any CPU = Debug|Any CPU
		Release|Any CPU = Release|Any CPU
	EndGlobalSection
	GlobalSection(ProjectConfigurationPlatforms) = postSolution
		{4BC8983A-1A58-4ED5-9F97-5FA953C3078F}.Debug|Any CPU.ActiveCfg = Debug|Any CPU
		{4BC8983A-1A58-4ED5-9F97-5FA953C3078F}.Debug|Any CPU.Build.0 = Debug|Any CPU
		{4BC8983A-1A58-4ED5-9F97-5FA953C3078F}.Release|Any CPU.ActiveCfg = Release|Any CPU
		{4BC8983A-1A58-4ED5-9F97-5FA953C3078F}.Release|Any CPU.Build.0 = Release|Any CPU
		{F925DC5D-92E2-41B5-9E78-25AABAAEB693}.Debug|Any CPU.ActiveCfg = Debug|Any CPU
		{F925DC5D-92E2-41B5-9E78-25AABAAEB693}.Debug|Any CPU.Build.0 = Debug|Any CPU
		{F925DC5D-92E2-41B5-9E78-25AABAAEB693}.Release|Any CPU.ActiveCfg = Release|Any CPU
		{F925DC5D-92E2-41B5-9E78-25AABAAEB693}.Release|Any CPU.Build.0 = Release|Any CPU
		{D96DE874-FA4D-459D-8524-F29643485961}.Debug|Any CPU.ActiveCfg = Debug|Any CPU
		{D96DE874-FA4D-459D-8524-F29643485961}.Debug|Any CPU.Build.0 = Debug|Any CPU
		{D96DE874-FA4D-459D-8524-F29643485961}.Release|Any CPU.ActiveCfg = Release|Any CPU
		{D96DE874-FA4D-459D-8524-F29643485961}.Release|Any CPU.Build.0 = Release|Any CPU
		{935F82F1-3A64-457E-9F91-826FBB1D5340}.Debug|Any CPU.ActiveCfg = Debug|Any CPU
		{935F82F1-3A64-457E-9F91-826FBB1D5340}.Debug|Any CPU.Build.0 = Debug|Any CPU
		{935F82F1-3A64-457E-9F91-826FBB1D5340}.Release|Any CPU.ActiveCfg = Release|Any CPU
		{935F82F1-3A64-457E-9F91-826FBB1D5340}.Release|Any CPU.Build.0 = Release|Any CPU
	EndGlobalSection
	GlobalSection(SolutionProperties) = preSolution
		HideSolutionNode = FALSE
	EndGlobalSection
	GlobalSection(ExtensibilityGlobals) = postSolution
		SolutionGuid = {98BC6BCE-BA0B-43EB-89BF-3C3295BFCDAD}
	EndGlobalSection
EndGlobal
