
Microsoft Visual Studio Solution File, Format Version 12.00
# Visual Studio Version 17
VisualStudioVersion = 17.11.35327.3
MinimumVisualStudioVersion = 10.0.40219.1
Project("{FAE04EC0-301F-11D3-BF4B-00C04F79EFBC}") = "SecretSantaEmailSender.Application", "SecretSantaEmailSender.Application\SecretSantaEmailSender.Application.csproj", "{4767864E-95CC-47B4-8611-560EBB97A025}"
EndProject
Project("{FAE04EC0-301F-11D3-BF4B-00C04F79EFBC}") = "SecretSantaEmailSender.Core", "SecretSantaEmailSender.Core\SecretSantaEmailSender.Core.csproj", "{44C360B4-073A-4DD9-9F60-571DC822ADF3}"
EndProject
Global
	GlobalSection(SolutionConfigurationPlatforms) = preSolution
		Debug|Any CPU = Debug|Any CPU
		Release|Any CPU = Release|Any CPU
	EndGlobalSection
	GlobalSection(ProjectConfigurationPlatforms) = postSolution
		{4767864E-95CC-47B4-8611-560EBB97A025}.Debug|Any CPU.ActiveCfg = Debug|Any CPU
		{4767864E-95CC-47B4-8611-560EBB97A025}.Debug|Any CPU.Build.0 = Debug|Any CPU
		{4767864E-95CC-47B4-8611-560EBB97A025}.Release|Any CPU.ActiveCfg = Release|Any CPU
		{4767864E-95CC-47B4-8611-560EBB97A025}.Release|Any CPU.Build.0 = Release|Any CPU
		{44C360B4-073A-4DD9-9F60-571DC822ADF3}.Debug|Any CPU.ActiveCfg = Debug|Any CPU
		{44C360B4-073A-4DD9-9F60-571DC822ADF3}.Debug|Any CPU.Build.0 = Debug|Any CPU
		{44C360B4-073A-4DD9-9F60-571DC822ADF3}.Release|Any CPU.ActiveCfg = Release|Any CPU
		{44C360B4-073A-4DD9-9F60-571DC822ADF3}.Release|Any CPU.Build.0 = Release|Any CPU
	EndGlobalSection
	GlobalSection(SolutionProperties) = preSolution
		HideSolutionNode = FALSE
	EndGlobalSection
	GlobalSection(ExtensibilityGlobals) = postSolution
		SolutionGuid = {98BC6BCE-BA0B-43EB-89BF-3C3295BFCDAD}
	EndGlobalSection
EndGlobal
